
Microsoft Visual Studio Solution File, Format Version 12.00
# Visual Studio Version 17
VisualStudioVersion = 17.10.34928.147
MinimumVisualStudioVersion = 10.0.40219.1
Project("{FAE04EC0-301F-11D3-BF4B-00C04F79EFBC}") = "HW1", "HW1\HW1.csproj", "{5119F328-0A91-4F41-85BB-D97D2A286128}"
EndProject
Global
	GlobalSection(SolutionConfigurationPlatforms) = preSolution
		Debug|Any CPU = Debug|Any CPU
		Release|Any CPU = Release|Any CPU
	EndGlobalSection
	GlobalSection(ProjectConfigurationPlatforms) = postSolution
		{5119F328-0A91-4F41-85BB-D97D2A286128}.Debug|Any CPU.ActiveCfg = Debug|Any CPU
		{5119F328-0A91-4F41-85BB-D97D2A286128}.Debug|Any CPU.Build.0 = Debug|Any CPU
		{5119F328-0A91-4F41-85BB-D97D2A286128}.Release|Any CPU.ActiveCfg = Release|Any CPU
		{5119F328-0A91-4F41-85BB-D97D2A286128}.Release|Any CPU.Build.0 = Release|Any CPU
	EndGlobalSection
	GlobalSection(SolutionProperties) = preSolution
		HideSolutionNode = FALSE
	EndGlobalSection
	GlobalSection(ExtensibilityGlobals) = postSolution
		SolutionGuid = {03DCC928-CE61-49E8-AB19-91BAE0ABE696}
	EndGlobalSection
EndGlobal
